schema: '2.0'
stages:
  data_ingestion:
    cmd: python src/data/data_ingestion.py
    deps:
    - path: src/data/data_ingestion.py
      hash: md5
      md5: ea6f2aee2c6503f9059612fb65e785d6
      size: 2711
    params:
      params.yaml:
        data_ingestion.test_size: 0.3
    outs:
    - path: data/raw
      hash: md5
      md5: 03b3b604b1f92a17191a7fc947e576d6.dir
      size: 827973
      nfiles: 2
  data_preprocessing:
    cmd: python src/data/data_preprocessing.py
    deps:
    - path: data/raw
      hash: md5
      md5: 03b3b604b1f92a17191a7fc947e576d6.dir
      size: 827973
      nfiles: 2
    - path: src/data/data_preprocessing.py
      hash: md5
      md5: 77771ef4294488e843a0d4feda49e306
      size: 3649
    outs:
    - path: data/interim
      hash: md5
      md5: ee0002e76077086f2e172141da0f77d4.dir
      size: 551976
      nfiles: 2
  feature_engineering:
    cmd: python src/features/feature_engineering.py
    deps:
    - path: data/interim
      hash: md5
      md5: ee0002e76077086f2e172141da0f77d4.dir
      size: 551976
      nfiles: 2
    - path: src/features/feature_engineering.py
      hash: md5
      md5: 996fc3b27df02a9e47290dd3389359ea
      size: 4462
    params:
      params.yaml:
        feature_engineering.max_features: 500
    outs:
    - path: data/processed
      hash: md5
      md5: 9dc0554972f99046ec12779a2e62cb3f.dir
      size: 21354275
      nfiles: 2
  model_building:
    cmd: python src/model/model_building.py
    deps:
    - path: data/processed
      hash: md5
      md5: 9dc0554972f99046ec12779a2e62cb3f.dir
      size: 21354275
      nfiles: 2
    - path: src/model/model_building.py
      hash: md5
      md5: d8556c9c764778c3a9c98bc1d8a2760e
      size: 2801
    params:
      params.yaml:
        model_building.learning_rate: 0.1
        model_building.n_estimators: 100
    outs:
    - path: models/model.pkl
      hash: md5
      md5: 3b8dba0239862cb8a0c16eebccd61c1c
      size: 129940
  evaluation:
    cmd: python src/model/model_evaluation.py
    deps:
    - path: models/model.pkl
      hash: md5
      md5: 3b8dba0239862cb8a0c16eebccd61c1c
      size: 129940
    - path: src/model/model_evaluation.py
      hash: md5
      md5: 080f8f12e3f7c40cfdc03d32c071002a
      size: 3544
    outs:
    - path: reports/metrics.json
      hash: md5
      md5: d09083f3bf672e2df0186297265f714e
      size: 149
